
Microsoft Visual Studio Solution File, Format Version 12.00
# Visual Studio 15
VisualStudioVersion = 15.0.26730.8
MinimumVisualStudioVersion = 10.0.40219.1
Project("{9A19103F-16F7-4668-BE54-9A1E7A4F7556}") = "PetArranger", "PetArranger\PetArranger.csproj", "{D471606F-B109-419C-8B64-85311D431FE9}"
EndProject
Project("{FAE04EC0-301F-11D3-BF4B-00C04F79EFBC}") = "PetApi.Sdk", "PetApi.Sdk\PetApi.Sdk.csproj", "{F7BDA736-7EB2-4490-BA8B-5A5E99D6D533}"
EndProject
Project("{FAE04EC0-301F-11D3-BF4B-00C04F79EFBC}") = "PetApi.Sdk.Tests", "PetApi.Sdk.Tests\PetApi.Sdk.Tests.csproj", "{5A280AC9-8189-49EF-8C44-84C14F2220C5}"
EndProject
Project("{FAE04EC0-301F-11D3-BF4B-00C04F79EFBC}") = "PetApp.DomainLogic", "PetApp.DomainLogic\PetApp.DomainLogic.csproj", "{D0ABAA3A-0809-4E0A-AF83-B906219B9C36}"
EndProject
Project("{FAE04EC0-301F-11D3-BF4B-00C04F79EFBC}") = "PetApp.DomainLogic.Tests", "PetApp.DomainLogic.Tests\PetApp.DomainLogic.Tests.csproj", "{E7477268-2859-447E-9617-152A4F0A1153}"
EndProject
Global
	GlobalSection(SolutionConfigurationPlatforms) = preSolution
		Debug|Any CPU = Debug|Any CPU
		Release|Any CPU = Release|Any CPU
	EndGlobalSection
	GlobalSection(ProjectConfigurationPlatforms) = postSolution
		{D471606F-B109-419C-8B64-85311D431FE9}.Debug|Any CPU.ActiveCfg = Debug|Any CPU
		{D471606F-B109-419C-8B64-85311D431FE9}.Debug|Any CPU.Build.0 = Debug|Any CPU
		{D471606F-B109-419C-8B64-85311D431FE9}.Release|Any CPU.ActiveCfg = Release|Any CPU
		{D471606F-B109-419C-8B64-85311D431FE9}.Release|Any CPU.Build.0 = Release|Any CPU
		{F7BDA736-7EB2-4490-BA8B-5A5E99D6D533}.Debug|Any CPU.ActiveCfg = Debug|Any CPU
		{F7BDA736-7EB2-4490-BA8B-5A5E99D6D533}.Debug|Any CPU.Build.0 = Debug|Any CPU
		{F7BDA736-7EB2-4490-BA8B-5A5E99D6D533}.Release|Any CPU.ActiveCfg = Release|Any CPU
		{F7BDA736-7EB2-4490-BA8B-5A5E99D6D533}.Release|Any CPU.Build.0 = Release|Any CPU
		{5A280AC9-8189-49EF-8C44-84C14F2220C5}.Debug|Any CPU.ActiveCfg = Debug|Any CPU
		{5A280AC9-8189-49EF-8C44-84C14F2220C5}.Debug|Any CPU.Build.0 = Debug|Any CPU
		{5A280AC9-8189-49EF-8C44-84C14F2220C5}.Release|Any CPU.ActiveCfg = Release|Any CPU
		{5A280AC9-8189-49EF-8C44-84C14F2220C5}.Release|Any CPU.Build.0 = Release|Any CPU
		{D0ABAA3A-0809-4E0A-AF83-B906219B9C36}.Debug|Any CPU.ActiveCfg = Debug|Any CPU
		{D0ABAA3A-0809-4E0A-AF83-B906219B9C36}.Debug|Any CPU.Build.0 = Debug|Any CPU
		{D0ABAA3A-0809-4E0A-AF83-B906219B9C36}.Release|Any CPU.ActiveCfg = Release|Any CPU
		{D0ABAA3A-0809-4E0A-AF83-B906219B9C36}.Release|Any CPU.Build.0 = Release|Any CPU
		{E7477268-2859-447E-9617-152A4F0A1153}.Debug|Any CPU.ActiveCfg = Debug|Any CPU
		{E7477268-2859-447E-9617-152A4F0A1153}.Debug|Any CPU.Build.0 = Debug|Any CPU
		{E7477268-2859-447E-9617-152A4F0A1153}.Release|Any CPU.ActiveCfg = Release|Any CPU
		{E7477268-2859-447E-9617-152A4F0A1153}.Release|Any CPU.Build.0 = Release|Any CPU
	EndGlobalSection
	GlobalSection(SolutionProperties) = preSolution
		HideSolutionNode = FALSE
	EndGlobalSection
	GlobalSection(ExtensibilityGlobals) = postSolution
		SolutionGuid = {5AC134F2-F78A-4E27-BA60-695E76A90934}
	EndGlobalSection
EndGlobal
